
Microsoft Visual Studio Solution File, Format Version 12.00
# Visual Studio Version 16
VisualStudioVersion = 16.0.31729.503
MinimumVisualStudioVersion = 10.0.40219.1
Project("{9A19103F-16F7-4668-BE54-9A1E7A4F7556}") = "e-organic", "e-organic.csproj", "{1F4DEB8F-A200-4350-9F4C-8A710835C7A7}"
EndProject
Global
	GlobalSection(SolutionConfigurationPlatforms) = preSolution
		Debug|Any CPU = Debug|Any CPU
		Release|Any CPU = Release|Any CPU
	EndGlobalSection
	GlobalSection(ProjectConfigurationPlatforms) = postSolution
		{1F4DEB8F-A200-4350-9F4C-8A710835C7A7}.Debug|Any CPU.ActiveCfg = Debug|Any CPU
		{1F4DEB8F-A200-4350-9F4C-8A710835C7A7}.Debug|Any CPU.Build.0 = Debug|Any CPU
		{1F4DEB8F-A200-4350-9F4C-8A710835C7A7}.Release|Any CPU.ActiveCfg = Release|Any CPU
		{1F4DEB8F-A200-4350-9F4C-8A710835C7A7}.Release|Any CPU.Build.0 = Release|Any CPU
	EndGlobalSection
	GlobalSection(SolutionProperties) = preSolution
		HideSolutionNode = FALSE
	EndGlobalSection
	GlobalSection(ExtensibilityGlobals) = postSolution
		SolutionGuid = {F57AB971-17F2-4CA5-8EB0-3E7E902942A1}
	EndGlobalSection
EndGlobal
